
Microsoft Visual Studio Solution File, Format Version 12.00
# Visual Studio Version 16
VisualStudioVersion = 16.0.32228.343
MinimumVisualStudioVersion = 10.0.40219.1
Project("{FAE04EC0-301F-11D3-BF4B-00C04F79EFBC}") = "Задание 1", "Задание 1\Задание 1.csproj", "{7363BE9E-1FA5-40DC-8794-B072970BDFC7}"
EndProject
Project("{FAE04EC0-301F-11D3-BF4B-00C04F79EFBC}") = "Задание 2", "Задание 2\Задание 2.csproj", "{1B86FE7A-E118-483A-8967-A5C2F70A726F}"
EndProject
Global
	GlobalSection(SolutionConfigurationPlatforms) = preSolution
		Debug|Any CPU = Debug|Any CPU
		Release|Any CPU = Release|Any CPU
	EndGlobalSection
	GlobalSection(ProjectConfigurationPlatforms) = postSolution
		{7363BE9E-1FA5-40DC-8794-B072970BDFC7}.Debug|Any CPU.ActiveCfg = Debug|Any CPU
		{7363BE9E-1FA5-40DC-8794-B072970BDFC7}.Debug|Any CPU.Build.0 = Debug|Any CPU
		{7363BE9E-1FA5-40DC-8794-B072970BDFC7}.Release|Any CPU.ActiveCfg = Release|Any CPU
		{7363BE9E-1FA5-40DC-8794-B072970BDFC7}.Release|Any CPU.Build.0 = Release|Any CPU
		{1B86FE7A-E118-483A-8967-A5C2F70A726F}.Debug|Any CPU.ActiveCfg = Debug|Any CPU
		{1B86FE7A-E118-483A-8967-A5C2F70A726F}.Debug|Any CPU.Build.0 = Debug|Any CPU
		{1B86FE7A-E118-483A-8967-A5C2F70A726F}.Release|Any CPU.ActiveCfg = Release|Any CPU
		{1B86FE7A-E118-483A-8967-A5C2F70A726F}.Release|Any CPU.Build.0 = Release|Any CPU
	EndGlobalSection
	GlobalSection(SolutionProperties) = preSolution
		HideSolutionNode = FALSE
	EndGlobalSection
	GlobalSection(ExtensibilityGlobals) = postSolution
		SolutionGuid = {830C2511-C4F9-4B8F-87D5-E6DA544F8367}
	EndGlobalSection
EndGlobal
