
Microsoft Visual Studio Solution File, Format Version 12.00
# Visual Studio Version 16
VisualStudioVersion = 16.0.32228.343
MinimumVisualStudioVersion = 10.0.40219.1
Project("{FAE04EC0-301F-11D3-BF4B-00C04F79EFBC}") = "Задание 1", "Задание 1\Задание 1.csproj", "{8162D249-4A13-4DF6-B1C1-723500F79C94}"
EndProject
Project("{FAE04EC0-301F-11D3-BF4B-00C04F79EFBC}") = "Задание 2", "Задание 2\Задание 2.csproj", "{A7750849-8081-45AD-B794-A6CC7F470631}"
EndProject
Project("{FAE04EC0-301F-11D3-BF4B-00C04F79EFBC}") = "Задание 3", "Задание 3\Задание 3.csproj", "{12E0EE24-C233-4F3C-99CA-81FE3F8DC86D}"
EndProject
Global
	GlobalSection(SolutionConfigurationPlatforms) = preSolution
		Debug|Any CPU = Debug|Any CPU
		Release|Any CPU = Release|Any CPU
	EndGlobalSection
	GlobalSection(ProjectConfigurationPlatforms) = postSolution
		{8162D249-4A13-4DF6-B1C1-723500F79C94}.Debug|Any CPU.ActiveCfg = Debug|Any CPU
		{8162D249-4A13-4DF6-B1C1-723500F79C94}.Debug|Any CPU.Build.0 = Debug|Any CPU
		{8162D249-4A13-4DF6-B1C1-723500F79C94}.Release|Any CPU.ActiveCfg = Release|Any CPU
		{8162D249-4A13-4DF6-B1C1-723500F79C94}.Release|Any CPU.Build.0 = Release|Any CPU
		{A7750849-8081-45AD-B794-A6CC7F470631}.Debug|Any CPU.ActiveCfg = Debug|Any CPU
		{A7750849-8081-45AD-B794-A6CC7F470631}.Debug|Any CPU.Build.0 = Debug|Any CPU
		{A7750849-8081-45AD-B794-A6CC7F470631}.Release|Any CPU.ActiveCfg = Release|Any CPU
		{A7750849-8081-45AD-B794-A6CC7F470631}.Release|Any CPU.Build.0 = Release|Any CPU
		{12E0EE24-C233-4F3C-99CA-81FE3F8DC86D}.Debug|Any CPU.ActiveCfg = Debug|Any CPU
		{12E0EE24-C233-4F3C-99CA-81FE3F8DC86D}.Debug|Any CPU.Build.0 = Debug|Any CPU
		{12E0EE24-C233-4F3C-99CA-81FE3F8DC86D}.Release|Any CPU.ActiveCfg = Release|Any CPU
		{12E0EE24-C233-4F3C-99CA-81FE3F8DC86D}.Release|Any CPU.Build.0 = Release|Any CPU
	EndGlobalSection
	GlobalSection(SolutionProperties) = preSolution
		HideSolutionNode = FALSE
	EndGlobalSection
	GlobalSection(ExtensibilityGlobals) = postSolution
		SolutionGuid = {D73477DA-BA58-46DC-9EF7-AA5D29A23764}
	EndGlobalSection
EndGlobal
