
Microsoft Visual Studio Solution File, Format Version 12.00
# Visual Studio Version 16
VisualStudioVersion = 16.0.32106.194
MinimumVisualStudioVersion = 10.0.40219.1
Project("{9A19103F-16F7-4668-BE54-9A1E7A4F7556}") = "Задание 1", "Задание 1\Задание 1.csproj", "{F4A172E5-5DC4-4288-BC03-568BD1DB95C6}"
EndProject
Project("{9A19103F-16F7-4668-BE54-9A1E7A4F7556}") = "Задание 2-3", "Задание 2\Задание 2-3.csproj", "{EFCF546D-4122-49A1-9C55-E511FF54945F}"
EndProject
Project("{9A19103F-16F7-4668-BE54-9A1E7A4F7556}") = "Задание 4", "Задание 4\Задание 4.csproj", "{EA4A329F-0A7A-4203-B0C4-45DE320F3E80}"
EndProject
Global
	GlobalSection(SolutionConfigurationPlatforms) = preSolution
		Debug|Any CPU = Debug|Any CPU
		Release|Any CPU = Release|Any CPU
	EndGlobalSection
	GlobalSection(ProjectConfigurationPlatforms) = postSolution
		{F4A172E5-5DC4-4288-BC03-568BD1DB95C6}.Debug|Any CPU.ActiveCfg = Debug|Any CPU
		{F4A172E5-5DC4-4288-BC03-568BD1DB95C6}.Debug|Any CPU.Build.0 = Debug|Any CPU
		{F4A172E5-5DC4-4288-BC03-568BD1DB95C6}.Release|Any CPU.ActiveCfg = Release|Any CPU
		{F4A172E5-5DC4-4288-BC03-568BD1DB95C6}.Release|Any CPU.Build.0 = Release|Any CPU
		{EFCF546D-4122-49A1-9C55-E511FF54945F}.Debug|Any CPU.ActiveCfg = Debug|Any CPU
		{EFCF546D-4122-49A1-9C55-E511FF54945F}.Debug|Any CPU.Build.0 = Debug|Any CPU
		{EFCF546D-4122-49A1-9C55-E511FF54945F}.Release|Any CPU.ActiveCfg = Release|Any CPU
		{EFCF546D-4122-49A1-9C55-E511FF54945F}.Release|Any CPU.Build.0 = Release|Any CPU
		{EA4A329F-0A7A-4203-B0C4-45DE320F3E80}.Debug|Any CPU.ActiveCfg = Debug|Any CPU
		{EA4A329F-0A7A-4203-B0C4-45DE320F3E80}.Debug|Any CPU.Build.0 = Debug|Any CPU
		{EA4A329F-0A7A-4203-B0C4-45DE320F3E80}.Release|Any CPU.ActiveCfg = Release|Any CPU
		{EA4A329F-0A7A-4203-B0C4-45DE320F3E80}.Release|Any CPU.Build.0 = Release|Any CPU
	EndGlobalSection
	GlobalSection(SolutionProperties) = preSolution
		HideSolutionNode = FALSE
	EndGlobalSection
	GlobalSection(ExtensibilityGlobals) = postSolution
		SolutionGuid = {581EC43B-3CE9-47F8-8A3B-2D39275F984A}
	EndGlobalSection
EndGlobal
