
Microsoft Visual Studio Solution File, Format Version 12.00
# Visual Studio Version 16
VisualStudioVersion = 16.0.32228.343
MinimumVisualStudioVersion = 10.0.40219.1
Project("{9A19103F-16F7-4668-BE54-9A1E7A4F7556}") = "Тестирование библиотек", "Тестирование библиотек\Тестирование библиотек.csproj", "{CC946BF0-B715-499A-B0D3-455CD6591D8A}"
EndProject
Project("{9A19103F-16F7-4668-BE54-9A1E7A4F7556}") = "Задание 1", "C:\Users\Андрей\source\repos\Практика 17\Задание 1\Задание 1.csproj", "{1CB9A79A-B8D4-4729-B726-DB436224AA9D}"
EndProject
Project("{FAE04EC0-301F-11D3-BF4B-00C04F79EFBC}") = "Задание 2 - тестирование библиотеки", "Задание 2 - тестирование библиотеки\Задание 2 - тестирование библиотеки.csproj", "{3785090B-CBAD-4B2D-9A3A-B0E3D23D9DDB}"
EndProject
Project("{9A19103F-16F7-4668-BE54-9A1E7A4F7556}") = "Библиотека расписаний", "C:\Users\Андрей\source\repos\Задание 2\Библиотека расписаний\Библиотека расписаний.csproj", "{65253EEE-69A5-4F13-BAC7-B5E50E05BCF7}"
EndProject
Global
	GlobalSection(SolutionConfigurationPlatforms) = preSolution
		Debug|Any CPU = Debug|Any CPU
		Release|Any CPU = Release|Any CPU
	EndGlobalSection
	GlobalSection(ProjectConfigurationPlatforms) = postSolution
		{CC946BF0-B715-499A-B0D3-455CD6591D8A}.Debug|Any CPU.ActiveCfg = Debug|Any CPU
		{CC946BF0-B715-499A-B0D3-455CD6591D8A}.Debug|Any CPU.Build.0 = Debug|Any CPU
		{CC946BF0-B715-499A-B0D3-455CD6591D8A}.Release|Any CPU.ActiveCfg = Release|Any CPU
		{CC946BF0-B715-499A-B0D3-455CD6591D8A}.Release|Any CPU.Build.0 = Release|Any CPU
		{1CB9A79A-B8D4-4729-B726-DB436224AA9D}.Debug|Any CPU.ActiveCfg = Debug|Any CPU
		{1CB9A79A-B8D4-4729-B726-DB436224AA9D}.Debug|Any CPU.Build.0 = Debug|Any CPU
		{1CB9A79A-B8D4-4729-B726-DB436224AA9D}.Release|Any CPU.ActiveCfg = Release|Any CPU
		{1CB9A79A-B8D4-4729-B726-DB436224AA9D}.Release|Any CPU.Build.0 = Release|Any CPU
		{3785090B-CBAD-4B2D-9A3A-B0E3D23D9DDB}.Debug|Any CPU.ActiveCfg = Debug|Any CPU
		{3785090B-CBAD-4B2D-9A3A-B0E3D23D9DDB}.Debug|Any CPU.Build.0 = Debug|Any CPU
		{3785090B-CBAD-4B2D-9A3A-B0E3D23D9DDB}.Release|Any CPU.ActiveCfg = Release|Any CPU
		{3785090B-CBAD-4B2D-9A3A-B0E3D23D9DDB}.Release|Any CPU.Build.0 = Release|Any CPU
		{65253EEE-69A5-4F13-BAC7-B5E50E05BCF7}.Debug|Any CPU.ActiveCfg = Debug|Any CPU
		{65253EEE-69A5-4F13-BAC7-B5E50E05BCF7}.Debug|Any CPU.Build.0 = Debug|Any CPU
		{65253EEE-69A5-4F13-BAC7-B5E50E05BCF7}.Release|Any CPU.ActiveCfg = Release|Any CPU
		{65253EEE-69A5-4F13-BAC7-B5E50E05BCF7}.Release|Any CPU.Build.0 = Release|Any CPU
	EndGlobalSection
	GlobalSection(SolutionProperties) = preSolution
		HideSolutionNode = FALSE
	EndGlobalSection
	GlobalSection(ExtensibilityGlobals) = postSolution
		SolutionGuid = {D314B308-68A0-4EEF-8E7E-DF937A00A4A8}
	EndGlobalSection
EndGlobal
